
Microsoft Visual Studio Solution File, Format Version 12.00
# Visual Studio 15
VisualStudioVersion = 15.0.28307.757
MinimumVisualStudioVersion = 10.0.40219.1
Project("{8BC9CEB8-8B4A-11D0-8D11-00A0C91BC942}") = "Week5Lab", "Week5Lab\Week5Lab.vcxproj", "{219B87F0-3E40-4275-A53D-49FEC8966B63}"
EndProject
Global
	GlobalSection(SolutionConfigurationPlatforms) = preSolution
		Debug|x64 = Debug|x64
		Debug|x86 = Debug|x86
		Release|x64 = Release|x64
		Release|x86 = Release|x86
	EndGlobalSection
	GlobalSection(ProjectConfigurationPlatforms) = postSolution
		{219B87F0-3E40-4275-A53D-49FEC8966B63}.Debug|x64.ActiveCfg = Debug|x64
		{219B87F0-3E40-4275-A53D-49FEC8966B63}.Debug|x64.Build.0 = Debug|x64
		{219B87F0-3E40-4275-A53D-49FEC8966B63}.Debug|x86.ActiveCfg = Debug|Win32
		{219B87F0-3E40-4275-A53D-49FEC8966B63}.Debug|x86.Build.0 = Debug|Win32
		{219B87F0-3E40-4275-A53D-49FEC8966B63}.Release|x64.ActiveCfg = Release|x64
		{219B87F0-3E40-4275-A53D-49FEC8966B63}.Release|x64.Build.0 = Release|x64
		{219B87F0-3E40-4275-A53D-49FEC8966B63}.Release|x86.ActiveCfg = Release|Win32
		{219B87F0-3E40-4275-A53D-49FEC8966B63}.Release|x86.Build.0 = Release|Win32
	EndGlobalSection
	GlobalSection(SolutionProperties) = preSolution
		HideSolutionNode = FALSE
	EndGlobalSection
	GlobalSection(ExtensibilityGlobals) = postSolution
		SolutionGuid = {1C68226B-AB91-4A9D-8758-ACAD184C710B}
	EndGlobalSection
EndGlobal
